
Microsoft Visual Studio Solution File, Format Version 12.00
# Visual Studio 14
VisualStudioVersion = 14.0.24720.0
MinimumVisualStudioVersion = 10.0.40219.1
Project("{FAE04EC0-301F-11D3-BF4B-00C04F79EFBC}") = "DynamoPDF", "DynamoPDF\DynamoPDF.csproj", "{98D6DCA3-7F24-42FC-9753-09B178328DB2}"
EndProject
Global
	GlobalSection(SolutionConfigurationPlatforms) = preSolution
		Debug|Any CPU = Debug|Any CPU
		Release|Any CPU = Release|Any CPU
	EndGlobalSection
	GlobalSection(ProjectConfigurationPlatforms) = postSolution
		{98D6DCA3-7F24-42FC-9753-09B178328DB2}.Debug|Any CPU.ActiveCfg = Debug|Any CPU
		{98D6DCA3-7F24-42FC-9753-09B178328DB2}.Debug|Any CPU.Build.0 = Debug|Any CPU
		{98D6DCA3-7F24-42FC-9753-09B178328DB2}.Release|Any CPU.ActiveCfg = Release|Any CPU
		{98D6DCA3-7F24-42FC-9753-09B178328DB2}.Release|Any CPU.Build.0 = Release|Any CPU
	EndGlobalSection
	GlobalSection(SolutionProperties) = preSolution
		HideSolutionNode = FALSE
	EndGlobalSection
EndGlobal
